
Microsoft Visual Studio Solution File, Format Version 12.00
# Visual Studio 15
VisualStudioVersion = 15.0.28307.757
MinimumVisualStudioVersion = 10.0.40219.1
Project("{FAE04EC0-301F-11D3-BF4B-00C04F79EFBC}") = "TestApplication.API", "TestApplication.API\TestApplication.API.csproj", "{1D3AE245-E35F-436B-998F-2064E99D8156}"
EndProject
Project("{FAE04EC0-301F-11D3-BF4B-00C04F79EFBC}") = "TestApplication.Client", "TestApplication.Client\TestApplication.Client.csproj", "{CFE5D7A3-5ABE-42E9-8593-78516ED17B65}"
EndProject
Global
	GlobalSection(SolutionConfigurationPlatforms) = preSolution
		Debug|Any CPU = Debug|Any CPU
		Release|Any CPU = Release|Any CPU
	EndGlobalSection
	GlobalSection(ProjectConfigurationPlatforms) = postSolution
		{1D3AE245-E35F-436B-998F-2064E99D8156}.Debug|Any CPU.ActiveCfg = Debug|Any CPU
		{1D3AE245-E35F-436B-998F-2064E99D8156}.Debug|Any CPU.Build.0 = Debug|Any CPU
		{1D3AE245-E35F-436B-998F-2064E99D8156}.Release|Any CPU.ActiveCfg = Release|Any CPU
		{1D3AE245-E35F-436B-998F-2064E99D8156}.Release|Any CPU.Build.0 = Release|Any CPU
		{CFE5D7A3-5ABE-42E9-8593-78516ED17B65}.Debug|Any CPU.ActiveCfg = Debug|Any CPU
		{CFE5D7A3-5ABE-42E9-8593-78516ED17B65}.Debug|Any CPU.Build.0 = Debug|Any CPU
		{CFE5D7A3-5ABE-42E9-8593-78516ED17B65}.Release|Any CPU.ActiveCfg = Release|Any CPU
		{CFE5D7A3-5ABE-42E9-8593-78516ED17B65}.Release|Any CPU.Build.0 = Release|Any CPU
	EndGlobalSection
	GlobalSection(SolutionProperties) = preSolution
		HideSolutionNode = FALSE
	EndGlobalSection
	GlobalSection(ExtensibilityGlobals) = postSolution
		SolutionGuid = {471CCD43-0F3B-444C-8D25-A3D2B81E8315}
	EndGlobalSection
EndGlobal
